
Microsoft Visual Studio Solution File, Format Version 12.00
# Visual Studio 2013
VisualStudioVersion = 12.0.30501.0
MinimumVisualStudioVersion = 10.0.40219.1
Project("{FAE04EC0-301F-11D3-BF4B-00C04F79EFBC}") = "ZipAhoy", "ZipAhoy\ZipAhoy.csproj", "{8750C12D-37D0-494D-9DA2-EF74D6024329}"
EndProject
Project("{FAE04EC0-301F-11D3-BF4B-00C04F79EFBC}") = "ZipAhoy.Tests", "ZipAhoy.Tests\ZipAhoy.Tests.csproj", "{10CD63BB-D6F1-4B4D-9E58-63EB38BB94CE}"
EndProject
Project("{2150E333-8FDC-42A3-9474-1A3956D46DE8}") = "docs", "docs", "{9C4E9DED-09B6-47A0-A6D7-ED72A6152DA1}"
	ProjectSection(SolutionItems) = preProject
		README.md = README.md
	EndProjectSection
EndProject
Global
	GlobalSection(SolutionConfigurationPlatforms) = preSolution
		Debug|Any CPU = Debug|Any CPU
		Release|Any CPU = Release|Any CPU
	EndGlobalSection
	GlobalSection(ProjectConfigurationPlatforms) = postSolution
		{8750C12D-37D0-494D-9DA2-EF74D6024329}.Debug|Any CPU.ActiveCfg = Debug|Any CPU
		{8750C12D-37D0-494D-9DA2-EF74D6024329}.Debug|Any CPU.Build.0 = Debug|Any CPU
		{8750C12D-37D0-494D-9DA2-EF74D6024329}.Release|Any CPU.ActiveCfg = Release|Any CPU
		{8750C12D-37D0-494D-9DA2-EF74D6024329}.Release|Any CPU.Build.0 = Release|Any CPU
		{10CD63BB-D6F1-4B4D-9E58-63EB38BB94CE}.Debug|Any CPU.ActiveCfg = Debug|Any CPU
		{10CD63BB-D6F1-4B4D-9E58-63EB38BB94CE}.Debug|Any CPU.Build.0 = Debug|Any CPU
		{10CD63BB-D6F1-4B4D-9E58-63EB38BB94CE}.Release|Any CPU.ActiveCfg = Release|Any CPU
		{10CD63BB-D6F1-4B4D-9E58-63EB38BB94CE}.Release|Any CPU.Build.0 = Release|Any CPU
	EndGlobalSection
	GlobalSection(SolutionProperties) = preSolution
		HideSolutionNode = FALSE
	EndGlobalSection
EndGlobal
